# This file is automatically @generated by Poetry 1.8.2 and should not be changed by hand.

[[package]]
name = "randomfiletree"
version = "1.2.0"
description = "Create a random file/directory tree/structure in python fortesting purposes."
optional = false
python-versions = "*"
files = [
    {file = "RandomFileTree-1.2.0-py3-none-any.whl", hash = "sha256:5c22868879754231452c715b97829a6ddb1d5d59941ed05822f7a0285204c8fe"},
    {file = "RandomFileTree-1.2.0.tar.gz", hash = "sha256:3a92e12ecbf093dc6b3fc1405c69030ed32db3a8a4a71f28724bd347f4c49afc"},
]

[metadata]
lock-version = "2.0"
python-versions = "^3.10"
content-hash = "41be5eadde73f97c58680be98136f453eda21bcd2ad1ed99351914b214995d3b"
